
Microsoft Visual Studio Solution File, Format Version 12.00
# Visual Studio 15
VisualStudioVersion = 15.0.26403.7
MinimumVisualStudioVersion = 10.0.40219.1
Project("{FAE04EC0-301F-11D3-BF4B-00C04F79EFBC}") = "RunningAverageLeoK", "RunningAverageLeoK\RunningAverageLeoK.csproj", "{F19522F8-86A6-4CA4-81EC-9D67881D2DFA}"
EndProject
Global
	GlobalSection(SolutionConfigurationPlatforms) = preSolution
		Debug|Any CPU = Debug|Any CPU
		Release|Any CPU = Release|Any CPU
	EndGlobalSection
	GlobalSection(ProjectConfigurationPlatforms) = postSolution
		{F19522F8-86A6-4CA4-81EC-9D67881D2DFA}.Debug|Any CPU.ActiveCfg = Debug|Any CPU
		{F19522F8-86A6-4CA4-81EC-9D67881D2DFA}.Debug|Any CPU.Build.0 = Debug|Any CPU
		{F19522F8-86A6-4CA4-81EC-9D67881D2DFA}.Release|Any CPU.ActiveCfg = Release|Any CPU
		{F19522F8-86A6-4CA4-81EC-9D67881D2DFA}.Release|Any CPU.Build.0 = Release|Any CPU
	EndGlobalSection
	GlobalSection(SolutionProperties) = preSolution
		HideSolutionNode = FALSE
	EndGlobalSection
EndGlobal
